
Microsoft Visual Studio Solution File, Format Version 12.00
Project("{FAE04EC0-301F-11D3-BF4B-00C04F79EFBC}") = "HelloUniverse", "HelloUniverse\HelloUniverse.csproj", "{B5FD4AEE-061D-4645-B522-3A1DEC6E3079}"
EndProject
Global
	GlobalSection(SolutionConfigurationPlatforms) = preSolution
		Debug|Any CPU = Debug|Any CPU
		Release|Any CPU = Release|Any CPU
	EndGlobalSection
	GlobalSection(ProjectConfigurationPlatforms) = postSolution
		{B5FD4AEE-061D-4645-B522-3A1DEC6E3079}.Debug|Any CPU.ActiveCfg = Debug|Any CPU
		{B5FD4AEE-061D-4645-B522-3A1DEC6E3079}.Debug|Any CPU.Build.0 = Debug|Any CPU
		{B5FD4AEE-061D-4645-B522-3A1DEC6E3079}.Release|Any CPU.ActiveCfg = Release|Any CPU
		{B5FD4AEE-061D-4645-B522-3A1DEC6E3079}.Release|Any CPU.Build.0 = Release|Any CPU
	EndGlobalSection
EndGlobal
